
Microsoft Visual Studio Solution File, Format Version 12.00
# Visual Studio Version 16
VisualStudioVersion = 16.0.31911.196
MinimumVisualStudioVersion = 10.0.40219.1
Project("{FAE04EC0-301F-11D3-BF4B-00C04F79EFBC}") = "eTickets", "eTickets\eTickets.csproj", "{1355A2F5-3A2E-4FB1-8AB8-F89E70579D99}"
EndProject
Global
	GlobalSection(SolutionConfigurationPlatforms) = preSolution
		Debug|Any CPU = Debug|Any CPU
		Release|Any CPU = Release|Any CPU
	EndGlobalSection
	GlobalSection(ProjectConfigurationPlatforms) = postSolution
		{1355A2F5-3A2E-4FB1-8AB8-F89E70579D99}.Debug|Any CPU.ActiveCfg = Debug|Any CPU
		{1355A2F5-3A2E-4FB1-8AB8-F89E70579D99}.Debug|Any CPU.Build.0 = Debug|Any CPU
		{1355A2F5-3A2E-4FB1-8AB8-F89E70579D99}.Release|Any CPU.ActiveCfg = Release|Any CPU
		{1355A2F5-3A2E-4FB1-8AB8-F89E70579D99}.Release|Any CPU.Build.0 = Release|Any CPU
	EndGlobalSection
	GlobalSection(SolutionProperties) = preSolution
		HideSolutionNode = FALSE
	EndGlobalSection
	GlobalSection(ExtensibilityGlobals) = postSolution
		SolutionGuid = {CC606FBE-042B-4773-B22B-3C08631A8821}
	EndGlobalSection
EndGlobal
